
Microsoft Visual Studio Solution File, Format Version 12.00
# Visual Studio Version 17
VisualStudioVersion = 17.9.34728.123
MinimumVisualStudioVersion = 10.0.40219.1
Project("{8BC9CEB8-8B4A-11D0-8D11-00A0C91BC942}") = "JoshChallenge", "JoshChallenge\JoshChallenge.vcxproj", "{FAD5D1DA-745F-497A-85A7-3B52B575A919}"
EndProject
Global
	GlobalSection(SolutionConfigurationPlatforms) = preSolution
		Debug|x64 = Debug|x64
		Debug|x86 = Debug|x86
		Release|x64 = Release|x64
		Release|x86 = Release|x86
	EndGlobalSection
	GlobalSection(ProjectConfigurationPlatforms) = postSolution
		{FAD5D1DA-745F-497A-85A7-3B52B575A919}.Debug|x64.ActiveCfg = Debug|x64
		{FAD5D1DA-745F-497A-85A7-3B52B575A919}.Debug|x64.Build.0 = Debug|x64
		{FAD5D1DA-745F-497A-85A7-3B52B575A919}.Debug|x86.ActiveCfg = Debug|Win32
		{FAD5D1DA-745F-497A-85A7-3B52B575A919}.Debug|x86.Build.0 = Debug|Win32
		{FAD5D1DA-745F-497A-85A7-3B52B575A919}.Release|x64.ActiveCfg = Release|x64
		{FAD5D1DA-745F-497A-85A7-3B52B575A919}.Release|x64.Build.0 = Release|x64
		{FAD5D1DA-745F-497A-85A7-3B52B575A919}.Release|x86.ActiveCfg = Release|Win32
		{FAD5D1DA-745F-497A-85A7-3B52B575A919}.Release|x86.Build.0 = Release|Win32
	EndGlobalSection
	GlobalSection(SolutionProperties) = preSolution
		HideSolutionNode = FALSE
	EndGlobalSection
	GlobalSection(ExtensibilityGlobals) = postSolution
		SolutionGuid = {E217512E-B4F6-4797-9903-F6391B6CCE1F}
	EndGlobalSection
EndGlobal
